{
  "name": "@labor-digital/typo3-vue-framework",
  "version": "3.3.0",
  "lockfileVersion": 1,
  "requires": true,
  "dependencies": {
    "@labor-digital/helferlein": {
      "version": "4.1.0",
      "resolved": "https://registry.npmjs.org/@labor-digital/helferlein/-/helferlein-4.1.0.tgz",
      "integrity": "sha512-gy519vTVK9VH2kP208l4GT6N/zJoi71qbP3AT7II/mU05G8VfdFB9K6FztXa1ZOojCahHQ5bCziCZ03FVA+B4A==",
      "dev": true,
      "requires": {
        "clone": "^2.1.2"
      }
    },
    "@labor-digital/json-api": {
      "version": "4.0.1",
      "resolved": "https://registry.npmjs.org/@labor-digital/json-api/-/json-api-4.0.1.tgz",
      "integrity": "sha512-zqEl0OVQ4MFE7h+wEAKDpVyEIwhfHY5gkVahMpM79CFaJiy0dmfeBPGIHLjD4ZIrd6arfqv6OVbz83tfZ0s0Hg==",
      "requires": {
        "jsonapi-serializer": "3.6.7"
      }
    },
    "@types/node": {
      "version": "15.12.1",
      "resolved": "https://registry.npmjs.org/@types/node/-/node-15.12.1.tgz",
      "integrity": "sha512-zyxJM8I1c9q5sRMtVF+zdd13Jt6RU4r4qfhTd7lQubyThvLfx6yYekWSQjGCGV2Tkecgxnlpl/DNlb6Hg+dmEw==",
      "dev": true
    },
    "ansi-regex": {
      "version": "2.1.1",
      "resolved": "https://npm.labor.tools/ansi-regex/-/ansi-regex-2.1.1.tgz",
      "integrity": "sha1-w7M6te42DYbg5ijwRorn7yfWVN8="
    },
    "axios": {
      "version": "0.21.1",
      "resolved": "https://registry.npmjs.org/axios/-/axios-0.21.1.tgz",
      "integrity": "sha512-dKQiRHxGD9PPRIUNIWvZhPTPpl1rf/OxTYKsqKUDjBwYylTvV7SjSHJb9ratfyzM6wCdLCOYLzs73qpg5c4iGA==",
      "dev": true,
      "requires": {
        "follow-redirects": "^1.10.0"
      }
    },
    "balanced-match": {
      "version": "1.0.2",
      "resolved": "https://registry.npmjs.org/balanced-match/-/balanced-match-1.0.2.tgz",
      "integrity": "sha512-3oSeUO0TMV67hN1AmbXsK4yaqU7tjiHlbxRDZOpH0KW9+CeX4bRAaX0Anxt0tx2MrpRpWwQaPwIlISEJhYU5Pw==",
      "dev": true
    },
    "boolbase": {
      "version": "1.0.0",
      "resolved": "https://npm.labor.tools/boolbase/-/boolbase-1.0.0.tgz",
      "integrity": "sha1-aN/1++YMUes3cl6p4+0xDcwed24="
    },
    "brace-expansion": {
      "version": "2.0.1",
      "resolved": "https://registry.npmjs.org/brace-expansion/-/brace-expansion-2.0.1.tgz",
      "integrity": "sha512-XnAIvQ8eM+kC6aULx6wuQiwVsnzsi9d3WxzV3FpWTGA19F621kwdbsAcFKXgKUHZWsy+mY6iL1sHTxWEFCytDA==",
      "dev": true,
      "requires": {
        "balanced-match": "^1.0.0"
      }
    },
    "clone": {
      "version": "2.1.2",
      "resolved": "https://npm.labor.tools/clone/-/clone-2.1.2.tgz",
      "integrity": "sha1-G39Ln1kfHo+DZwQBYANFoCiHQ18=",
      "dev": true
    },
    "css-select": {
      "version": "2.1.0",
      "resolved": "https://npm.labor.tools/css-select/-/css-select-2.1.0.tgz",
      "integrity": "sha512-Dqk7LQKpwLoH3VovzZnkzegqNSuAziQyNZUcrdDM401iY+R5NkGBXGmtO05/yaXQziALuPogeG0b7UAgjnTJTQ==",
      "requires": {
        "boolbase": "^1.0.0",
        "css-what": "^3.2.1",
        "domutils": "^1.7.0",
        "nth-check": "^1.0.2"
      }
    },
    "css-what": {
      "version": "3.4.2",
      "resolved": "https://npm.labor.tools/css-what/-/css-what-3.4.2.tgz",
      "integrity": "sha512-ACUm3L0/jiZTqfzRM3Hi9Q8eZqd6IK37mMWPLz9PJxkLWllYeRf+EHUSHYEtFop2Eqytaq1FizFVh7XfBnXCDQ=="
    },
    "deepmerge": {
      "version": "4.2.2",
      "resolved": "https://npm.labor.tools/deepmerge/-/deepmerge-4.2.2.tgz",
      "integrity": "sha512-FJ3UgI4gIl+PHZm53knsuSFpE+nESMr7M4v9QcgB7S63Kj/6WqMiFQJpBBYz1Pt+66bZpP3Q7Lye0Oo9MPKEdg=="
    },
    "dom-converter": {
      "version": "0.2.0",
      "resolved": "https://npm.labor.tools/dom-converter/-/dom-converter-0.2.0.tgz",
      "integrity": "sha512-gd3ypIPfOMr9h5jIKq8E3sHOTCjeirnl0WK5ZdS1AW0Odt0b1PaWaHdJ4Qk4klv+YB9aJBS7mESXjFoDQPu6DA==",
      "requires": {
        "utila": "~0.4"
      }
    },
    "dom-serializer": {
      "version": "0.2.2",
      "resolved": "https://npm.labor.tools/dom-serializer/-/dom-serializer-0.2.2.tgz",
      "integrity": "sha512-2/xPb3ORsQ42nHYiSunXkDjPLBaEj/xTwUO4B7XCZQTRk7EBtTOPaygh10YAAh2OI1Qrp6NWfpAhzswj0ydt9g==",
      "requires": {
        "domelementtype": "^2.0.1",
        "entities": "^2.0.0"
      },
      "dependencies": {
        "domelementtype": {
          "version": "2.1.0",
          "resolved": "https://npm.labor.tools/domelementtype/-/domelementtype-2.1.0.tgz",
          "integrity": "sha512-LsTgx/L5VpD+Q8lmsXSHW2WpA+eBlZ9HPf3erD1IoPF00/3JKHZ3BknUVA2QGDNu69ZNmyFmCWBSO45XjYKC5w=="
        }
      }
    },
    "domelementtype": {
      "version": "1.3.1",
      "resolved": "https://npm.labor.tools/domelementtype/-/domelementtype-1.3.1.tgz",
      "integrity": "sha512-BSKB+TSpMpFI/HOxCNr1O8aMOTZ8hT3pM3GQ0w/mWRmkhEDSFJkkyzz4XQsBV44BChwGkrDfMyjVD0eA2aFV3w=="
    },
    "domhandler": {
      "version": "2.4.2",
      "resolved": "https://npm.labor.tools/domhandler/-/domhandler-2.4.2.tgz",
      "integrity": "sha512-JiK04h0Ht5u/80fdLMCEmV4zkNh2BcoMFBmZ/91WtYZ8qVXSKjiw7fXMgFPnHcSZgOo3XdinHvmnDUeMf5R4wA==",
      "requires": {
        "domelementtype": "1"
      }
    },
    "domutils": {
      "version": "1.7.0",
      "resolved": "https://npm.labor.tools/domutils/-/domutils-1.7.0.tgz",
      "integrity": "sha512-Lgd2XcJ/NjEw+7tFvfKxOzCYKZsdct5lczQ2ZaQY8Djz7pfAD3Gbp8ySJWtreII/vDlMVmxwa6pHmdxIYgttDg==",
      "requires": {
        "dom-serializer": "0",
        "domelementtype": "1"
      }
    },
    "entities": {
      "version": "2.1.0",
      "resolved": "https://npm.labor.tools/entities/-/entities-2.1.0.tgz",
      "integrity": "sha512-hCx1oky9PFrJ611mf0ifBLBRW8lUUVRlFolb5gWRfIELabBlbp9xZvrqZLZAs+NxFnbfQoeGd8wDkygjg7U85w=="
    },
    "follow-redirects": {
      "version": "1.13.3",
      "resolved": "https://registry.npmjs.org/follow-redirects/-/follow-redirects-1.13.3.tgz",
      "integrity": "sha512-DUgl6+HDzB0iEptNQEXLx/KhTmDb8tZUHSeLqpnjpknR70H0nC2t9N73BK6fN4hOvJ84pKlIQVQ4k5FFlBedKA==",
      "dev": true
    },
    "htmlparser2": {
      "version": "3.10.1",
      "resolved": "https://npm.labor.tools/htmlparser2/-/htmlparser2-3.10.1.tgz",
      "integrity": "sha512-IgieNijUMbkDovyoKObU1DUhm1iwNYE/fuifEoEHfd1oZKZDaONBSkal7Y01shxsM49R4XaMdGez3WnF9UfiCQ==",
      "requires": {
        "domelementtype": "^1.3.1",
        "domhandler": "^2.3.0",
        "domutils": "^1.5.1",
        "entities": "^1.1.1",
        "inherits": "^2.0.1",
        "readable-stream": "^3.1.1"
      },
      "dependencies": {
        "entities": {
          "version": "1.1.2",
          "resolved": "https://npm.labor.tools/entities/-/entities-1.1.2.tgz",
          "integrity": "sha512-f2LZMYl1Fzu7YSBKg+RoROelpOaNrcGmE9AZubeDfrCEia483oW4MI4VyFd5VNHIgQ/7qm1I0wUHK1eJnn2y2w=="
        }
      }
    },
    "inflected": {
      "version": "1.1.7",
      "resolved": "https://npm.labor.tools/inflected/-/inflected-1.1.7.tgz",
      "integrity": "sha1-w5PfbihHLQ13swguw6ogkfS8lvk="
    },
    "inherits": {
      "version": "2.0.4",
      "resolved": "https://npm.labor.tools/inherits/-/inherits-2.0.4.tgz",
      "integrity": "sha512-k/vGaX4/Yla3WzyMCvTQOXYeIHvqOKtnqBduzTHpzpQZzAskKMhZ2K+EnBiSM9zGSoIFeMpXKxa4dYeZIQqewQ=="
    },
    "jsonapi-serializer": {
      "version": "3.6.7",
      "resolved": "https://registry.npmjs.org/jsonapi-serializer/-/jsonapi-serializer-3.6.7.tgz",
      "integrity": "sha512-usScb34T6mB0QK/AxOpXTpE9iB7JW4/CMhREitzeKv9rV5CdZhdVA8F9zIc7Xz9rjbSv98vOXkuO1HRtM0paSg==",
      "requires": {
        "inflected": "^1.1.6",
        "lodash": "^4.16.3"
      }
    },
    "jsonc-parser": {
      "version": "3.2.0",
      "resolved": "https://registry.npmjs.org/jsonc-parser/-/jsonc-parser-3.2.0.tgz",
      "integrity": "sha512-gfFQZrcTc8CnKXp6Y4/CBT3fTc0OVuDofpre4aEeEpSBPV5X5v4+Vmx+8snU7RLPrNHPKSgLxGo9YuQzz20o+w==",
      "dev": true
    },
    "lodash": {
      "version": "4.17.21",
      "resolved": "https://registry.npmjs.org/lodash/-/lodash-4.17.21.tgz",
      "integrity": "sha512-v2kDEe57lecTulaDIuNTPy3Ry4gLGJ6Z1O3vE1krgXZNrsQ+LFTGHVxVjcXPs17LhbZVGedAJv8XZ1tvj5FvSg=="
    },
    "lunr": {
      "version": "2.3.9",
      "resolved": "https://registry.npmjs.org/lunr/-/lunr-2.3.9.tgz",
      "integrity": "sha512-zTU3DaZaF3Rt9rhN3uBMGQD3dD2/vFQqnvZCDv4dl5iOzq2IZQqTxu90r4E5J+nP70J3ilqVCrbho2eWaeW8Ow==",
      "dev": true
    },
    "marked": {
      "version": "4.2.3",
      "resolved": "https://registry.npmjs.org/marked/-/marked-4.2.3.tgz",
      "integrity": "sha512-slWRdJkbTZ+PjkyJnE30Uid64eHwbwa1Q25INCAYfZlK4o6ylagBy/Le9eWntqJFoFT93ikUKMv47GZ4gTwHkw==",
      "dev": true
    },
    "minimatch": {
      "version": "5.1.0",
      "resolved": "https://registry.npmjs.org/minimatch/-/minimatch-5.1.0.tgz",
      "integrity": "sha512-9TPBGGak4nHfGZsPBohm9AWg6NoT7QTCehS3BIJABslyZbzxfV78QM2Y6+i741OPZIafFAaiiEMh5OyIrJPgtg==",
      "dev": true,
      "requires": {
        "brace-expansion": "^2.0.1"
      }
    },
    "nth-check": {
      "version": "1.0.2",
      "resolved": "https://npm.labor.tools/nth-check/-/nth-check-1.0.2.tgz",
      "integrity": "sha512-WeBOdju8SnzPN5vTUJYxYUxLeXpCaVP5i5e0LF8fg7WORF2Wd7wFX/pk0tYZk7s8T+J7VLy0Da6J1+wCT0AtHg==",
      "requires": {
        "boolbase": "~1.0.0"
      }
    },
    "pretty-error": {
      "version": "3.0.3",
      "resolved": "https://npm.labor.tools/pretty-error/-/pretty-error-3.0.3.tgz",
      "integrity": "sha512-nFB0BMeWNJA4YfmrgqPhOH3UQjMQZASZ2ueBfmlyqpVy9+ExLcmwXL/Iu4Wb9pbt/cubQXK4ir8IZUnE8EwFnw==",
      "requires": {
        "lodash": "^4.17.20",
        "renderkid": "^2.0.5"
      }
    },
    "readable-stream": {
      "version": "3.6.0",
      "resolved": "https://npm.labor.tools/readable-stream/-/readable-stream-3.6.0.tgz",
      "integrity": "sha512-BViHy7LKeTz4oNnkcLJ+lVSL6vpiFeX6/d3oSH8zCW7UxP2onchk+vTGB143xuFjHS3deTgkKoXXymXqymiIdA==",
      "requires": {
        "inherits": "^2.0.3",
        "string_decoder": "^1.1.1",
        "util-deprecate": "^1.0.1"
      }
    },
    "renderkid": {
      "version": "2.0.5",
      "resolved": "https://npm.labor.tools/renderkid/-/renderkid-2.0.5.tgz",
      "integrity": "sha512-ccqoLg+HLOHq1vdfYNm4TBeaCDIi1FLt3wGojTDSvdewUv65oTmI3cnT2E4hRjl1gzKZIPK+KZrXzlUYKnR+vQ==",
      "requires": {
        "css-select": "^2.0.2",
        "dom-converter": "^0.2",
        "htmlparser2": "^3.10.1",
        "lodash": "^4.17.20",
        "strip-ansi": "^3.0.0"
      }
    },
    "safe-buffer": {
      "version": "5.2.1",
      "resolved": "https://npm.labor.tools/safe-buffer/-/safe-buffer-5.2.1.tgz",
      "integrity": "sha512-rp3So07KcdmmKbGvgaNxQSJr7bGVSVk5S9Eq1F+ppbRo70+YeaDxkw5Dd8NPN+GD6bjnYm2VuPuCXmpuYvmCXQ=="
    },
    "shiki": {
      "version": "0.11.1",
      "resolved": "https://registry.npmjs.org/shiki/-/shiki-0.11.1.tgz",
      "integrity": "sha512-EugY9VASFuDqOexOgXR18ZV+TbFrQHeCpEYaXamO+SZlsnT/2LxuLBX25GGtIrwaEVFXUAbUQ601SWE2rMwWHA==",
      "dev": true,
      "requires": {
        "jsonc-parser": "^3.0.0",
        "vscode-oniguruma": "^1.6.1",
        "vscode-textmate": "^6.0.0"
      }
    },
    "string_decoder": {
      "version": "1.3.0",
      "resolved": "https://npm.labor.tools/string_decoder/-/string_decoder-1.3.0.tgz",
      "integrity": "sha512-hkRX8U1WjJFd8LsDJ2yQ/wWWxaopEsABU1XfkM8A+j0+85JAGppt16cr1Whg6KIbb4okU6Mql6BOj+uup/wKeA==",
      "requires": {
        "safe-buffer": "~5.2.0"
      }
    },
    "strip-ansi": {
      "version": "3.0.1",
      "resolved": "https://npm.labor.tools/strip-ansi/-/strip-ansi-3.0.1.tgz",
      "integrity": "sha1-ajhfuIU9lS1f8F0Oiq+UJ43GPc8=",
      "requires": {
        "ansi-regex": "^2.0.0"
      }
    },
    "typedoc": {
      "version": "0.23.21",
      "resolved": "https://registry.npmjs.org/typedoc/-/typedoc-0.23.21.tgz",
      "integrity": "sha512-VNE9Jv7BgclvyH9moi2mluneSviD43dCE9pY8RWkO88/DrEgJZk9KpUk7WO468c9WWs/+aG6dOnoH7ccjnErhg==",
      "dev": true,
      "requires": {
        "lunr": "^2.3.9",
        "marked": "^4.0.19",
        "minimatch": "^5.1.0",
        "shiki": "^0.11.1"
      }
    },
    "typescript": {
      "version": "4.2.4",
      "resolved": "https://registry.npmjs.org/typescript/-/typescript-4.2.4.tgz",
      "integrity": "sha512-V+evlYHZnQkaz8TRBuxTA92yZBPotr5H+WhQ7bD3hZUndx5tGOa1fuCgeSjxAzM1RiN5IzvadIXTVefuuwZCRg==",
      "dev": true
    },
    "util-deprecate": {
      "version": "1.0.2",
      "resolved": "https://npm.labor.tools/util-deprecate/-/util-deprecate-1.0.2.tgz",
      "integrity": "sha1-RQ1Nyfpw3nMnYvvS1KKJgUGaDM8="
    },
    "utila": {
      "version": "0.4.0",
      "resolved": "https://npm.labor.tools/utila/-/utila-0.4.0.tgz",
      "integrity": "sha1-ihagXURWV6Oupe7MWxKk+lN5dyw="
    },
    "vscode-oniguruma": {
      "version": "1.6.2",
      "resolved": "https://registry.npmjs.org/vscode-oniguruma/-/vscode-oniguruma-1.6.2.tgz",
      "integrity": "sha512-KH8+KKov5eS/9WhofZR8M8dMHWN2gTxjMsG4jd04YhpbPR91fUj7rYQ2/XjeHCJWbg7X++ApRIU9NUwM2vTvLA==",
      "dev": true
    },
    "vscode-textmate": {
      "version": "6.0.0",
      "resolved": "https://registry.npmjs.org/vscode-textmate/-/vscode-textmate-6.0.0.tgz",
      "integrity": "sha512-gu73tuZfJgu+mvCSy4UZwd2JXykjK9zAZsfmDeut5dx/1a7FeTk0XwJsSuqQn+cuMCGVbIBfl+s53X4T19DnzQ==",
      "dev": true
    },
    "vue": {
      "version": "2.6.11",
      "resolved": "https://npm.labor.tools/vue/-/vue-2.6.11.tgz",
      "integrity": "sha512-VfPwgcGABbGAue9+sfrD4PuwFar7gPb1yl1UK1MwXoQPAw0BKSqWfoYCT/ThFrdEVWoI51dBuyCoiNU9bZDZxQ==",
      "dev": true
    },
    "vue-i18n": {
      "version": "8.24.4",
      "resolved": "https://registry.npmjs.org/vue-i18n/-/vue-i18n-8.24.4.tgz",
      "integrity": "sha512-RZE94WUAGxEiBAANxQ0pptbRwDkNKNSXl3fnJslpFOxVMF6UkUtMDSuYGuW2blDrVgweIXVpethOVkYoNNT9xw=="
    },
    "vue-lazy-hydration": {
      "version": "2.0.0-beta.4",
      "resolved": "https://registry.npmjs.org/vue-lazy-hydration/-/vue-lazy-hydration-2.0.0-beta.4.tgz",
      "integrity": "sha512-bhr7AxzrSEPed4cOawIeCxJmR8pglberR78x1zs0886xR+47/EXE9s0Ezss90CPINo8ApzUfA/r+SbNffn+t9w=="
    },
    "vue-meta": {
      "version": "2.4.0",
      "resolved": "https://npm.labor.tools/vue-meta/-/vue-meta-2.4.0.tgz",
      "integrity": "sha512-XEeZUmlVeODclAjCNpWDnjgw+t3WA6gdzs6ENoIAgwO1J1d5p1tezDhtteLUFwcaQaTtayRrsx7GL6oXp/m2Jw==",
      "requires": {
        "deepmerge": "^4.2.2"
      }
    },
    "vue-router": {
      "version": "3.5.1",
      "resolved": "https://registry.npmjs.org/vue-router/-/vue-router-3.5.1.tgz",
      "integrity": "sha512-RRQNLT8Mzr8z7eL4p7BtKvRaTSGdCbTy2+Mm5HTJvLGYSSeG9gDzNasJPP/yOYKLy+/cLG/ftrqq5fvkFwBJEw==",
      "dev": true
    }
  }
}
